
Microsoft Visual Studio Solution File, Format Version 12.00
# Visual Studio Version 16
VisualStudioVersion = 16.0.30804.86
MinimumVisualStudioVersion = 10.0.40219.1
Project("{FAE04EC0-301F-11D3-BF4B-00C04F79EFBC}") = "DataSourcesWizard", "DataSourcesWizard.csproj", "{C140EE84-3837-44FF-A9E9-73AE5B7BBD68}"
EndProject
Global
	GlobalSection(SolutionConfigurationPlatforms) = preSolution
		Debug|Any CPU = Debug|Any CPU
		Release|Any CPU = Release|Any CPU
	EndGlobalSection
	GlobalSection(ProjectConfigurationPlatforms) = postSolution
		{C140EE84-3837-44FF-A9E9-73AE5B7BBD68}.Debug|Any CPU.ActiveCfg = Debug|Any CPU
		{C140EE84-3837-44FF-A9E9-73AE5B7BBD68}.Debug|Any CPU.Build.0 = Debug|Any CPU
		{C140EE84-3837-44FF-A9E9-73AE5B7BBD68}.Release|Any CPU.ActiveCfg = Release|Any CPU
		{C140EE84-3837-44FF-A9E9-73AE5B7BBD68}.Release|Any CPU.Build.0 = Release|Any CPU
	EndGlobalSection
	GlobalSection(SolutionProperties) = preSolution
		HideSolutionNode = FALSE
	EndGlobalSection
	GlobalSection(ExtensibilityGlobals) = postSolution
		SolutionGuid = {881A17A1-08A6-440B-8BCB-E5850897FB2A}
	EndGlobalSection
EndGlobal
